
Microsoft Visual Studio Solution File, Format Version 12.00
# Visual Studio Version 17
VisualStudioVersion = 17.7.34031.279
MinimumVisualStudioVersion = 10.0.40219.1
Project("{9A19103F-16F7-4668-BE54-9A1E7A4F7556}") = "Models", "Models\Models.csproj", "{1015CBBF-4701-48F5-A1E5-B8B47031B64F}"
EndProject
Project("{9A19103F-16F7-4668-BE54-9A1E7A4F7556}") = "BusinessLayer", "BusinessLayer\BusinessLayer.csproj", "{1BA2874C-8203-46E7-84A6-D8122ECDDBE4}"
EndProject
Project("{9A19103F-16F7-4668-BE54-9A1E7A4F7556}") = "DataLayer", "Data\DataLayer.csproj", "{2FC391F3-9AE5-47D5-B6C4-642F6E736012}"
EndProject
Project("{FAE04EC0-301F-11D3-BF4B-00C04F79EFBC}") = "WinFormsGUI", "WinFormsGUI\WinFormsGUI.csproj", "{00D659E9-7C34-4EE6-AF8B-AE27F95C9F72}"
EndProject
Global
	GlobalSection(SolutionConfigurationPlatforms) = preSolution
		Debug|Any CPU = Debug|Any CPU
		Release|Any CPU = Release|Any CPU
	EndGlobalSection
	GlobalSection(ProjectConfigurationPlatforms) = postSolution
		{1015CBBF-4701-48F5-A1E5-B8B47031B64F}.Debug|Any CPU.ActiveCfg = Debug|Any CPU
		{1015CBBF-4701-48F5-A1E5-B8B47031B64F}.Debug|Any CPU.Build.0 = Debug|Any CPU
		{1015CBBF-4701-48F5-A1E5-B8B47031B64F}.Release|Any CPU.ActiveCfg = Release|Any CPU
		{1015CBBF-4701-48F5-A1E5-B8B47031B64F}.Release|Any CPU.Build.0 = Release|Any CPU
		{1BA2874C-8203-46E7-84A6-D8122ECDDBE4}.Debug|Any CPU.ActiveCfg = Debug|Any CPU
		{1BA2874C-8203-46E7-84A6-D8122ECDDBE4}.Debug|Any CPU.Build.0 = Debug|Any CPU
		{1BA2874C-8203-46E7-84A6-D8122ECDDBE4}.Release|Any CPU.ActiveCfg = Release|Any CPU
		{1BA2874C-8203-46E7-84A6-D8122ECDDBE4}.Release|Any CPU.Build.0 = Release|Any CPU
		{2FC391F3-9AE5-47D5-B6C4-642F6E736012}.Debug|Any CPU.ActiveCfg = Debug|Any CPU
		{2FC391F3-9AE5-47D5-B6C4-642F6E736012}.Debug|Any CPU.Build.0 = Debug|Any CPU
		{2FC391F3-9AE5-47D5-B6C4-642F6E736012}.Release|Any CPU.ActiveCfg = Release|Any CPU
		{2FC391F3-9AE5-47D5-B6C4-642F6E736012}.Release|Any CPU.Build.0 = Release|Any CPU
		{00D659E9-7C34-4EE6-AF8B-AE27F95C9F72}.Debug|Any CPU.ActiveCfg = Debug|Any CPU
		{00D659E9-7C34-4EE6-AF8B-AE27F95C9F72}.Debug|Any CPU.Build.0 = Debug|Any CPU
		{00D659E9-7C34-4EE6-AF8B-AE27F95C9F72}.Release|Any CPU.ActiveCfg = Release|Any CPU
		{00D659E9-7C34-4EE6-AF8B-AE27F95C9F72}.Release|Any CPU.Build.0 = Release|Any CPU
	EndGlobalSection
	GlobalSection(SolutionProperties) = preSolution
		HideSolutionNode = FALSE
	EndGlobalSection
	GlobalSection(ExtensibilityGlobals) = postSolution
		SolutionGuid = {AA877CC8-9667-4DBE-8C3F-9B7AEF0FABD1}
	EndGlobalSection
EndGlobal
